
Microsoft Visual Studio Solution File, Format Version 12.00
# Visual Studio Version 17
VisualStudioVersion = 17.11.35312.102
MinimumVisualStudioVersion = 10.0.40219.1
Project("{FAE04EC0-301F-11D3-BF4B-00C04F79EFBC}") = "Hackaton", "Hackaton\Hackaton.csproj", "{B2D90A8A-179E-4F5B-B24B-A651146C91F7}"
EndProject
Global
	GlobalSection(SolutionConfigurationPlatforms) = preSolution
		Debug|Any CPU = Debug|Any CPU
		Release|Any CPU = Release|Any CPU
	EndGlobalSection
	GlobalSection(ProjectConfigurationPlatforms) = postSolution
		{B2D90A8A-179E-4F5B-B24B-A651146C91F7}.Debug|Any CPU.ActiveCfg = Debug|Any CPU
		{B2D90A8A-179E-4F5B-B24B-A651146C91F7}.Debug|Any CPU.Build.0 = Debug|Any CPU
		{B2D90A8A-179E-4F5B-B24B-A651146C91F7}.Release|Any CPU.ActiveCfg = Release|Any CPU
		{B2D90A8A-179E-4F5B-B24B-A651146C91F7}.Release|Any CPU.Build.0 = Release|Any CPU
	EndGlobalSection
	GlobalSection(SolutionProperties) = preSolution
		HideSolutionNode = FALSE
	EndGlobalSection
	GlobalSection(ExtensibilityGlobals) = postSolution
		SolutionGuid = {41C496D3-FDE0-4B6A-B2E6-35E6C61EA080}
	EndGlobalSection
EndGlobal
